// !$*UTF8*$!
{
	archiveVersion = 1;
	classes = {
	};
	objectVersion = 50;
	objects = {

/* Begin PBXBuildFile section */
		3A8F689623584B3B00AF6F32 /* AppDelegate.m in Sources */ = {isa = PBXBuildFile; fileRef = 3A8F689523584B3B00AF6F32 /* AppDelegate.m */; };
		3A8F689923584B3B00AF6F32 /* SceneDelegate.m in Sources */ = {isa = PBXBuildFile; fileRef = 3A8F689823584B3B00AF6F32 /* SceneDelegate.m */; };
		3A8F689C23584B3B00AF6F32 /* ViewController.m in Sources */ = {isa = PBXBuildFile; fileRef = 3A8F689B23584B3B00AF6F32 /* ViewController.m */; };
		3A8F689F23584B3B00AF6F32 /* Main.storyboard in Resources */ = {isa = PBXBuildFile; fileRef = 3A8F689D23584B3B00AF6F32 /* Main.storyboard */; };
		3A8F68A123584B3D00AF6F32 /* Assets.xcassets in Resources */ = {isa = PBXBuildFile; fileRef = 3A8F68A023584B3D00AF6F32 /* Assets.xcassets */; };
		3A8F68A423584B3D00AF6F32 /* LaunchScreen.storyboard in Resources */ = {isa = PBXBuildFile; fileRef = 3A8F68A223584B3D00AF6F32 /* LaunchScreen.storyboard */; };
		3A8F68A723584B3D00AF6F32 /* main.m in Sources */ = {isa = PBXBuildFile; fileRef = 3A8F68A623584B3D00AF6F32 /* main.m */; };
		3A8F68B023584B9700AF6F32 /* QiKeychainItem.m in Sources */ = {isa = PBXBuildFile; fileRef = 3A8F68AF23584B9700AF6F32 /* QiKeychainItem.m */; };
/* End PBXBuildFile section */

/* Begin PBXFileReference section */
		3A8F689123584B3B00AF6F32 /* 钥匙串共享demo.app */ = {isa = PBXFileReference; explicitFileType = wrapper.application; includeInIndex = 0; path = "钥匙串共享demo.app"; sourceTree = BUILT_PRODUCTS_DIR; };
		3A8F689423584B3B00AF6F32 /* AppDelegate.h */ = {isa = PBXFileReference; lastKnownFileType = sourcecode.c.h; path = AppDelegate.h; sourceTree = "<group>"; };
		3A8F689523584B3B00AF6F32 /* AppDelegate.m */ = {isa = PBXFileReference; lastKnownFileType = sourcecode.c.objc; path = AppDelegate.m; sourceTree = "<group>"; };
		3A8F689723584B3B00AF6F32 /* SceneDelegate.h */ = {isa = PBXFileReference; lastKnownFileType = sourcecode.c.h; path = SceneDelegate.h; sourceTree = "<group>"; };
		3A8F689823584B3B00AF6F32 /* SceneDelegate.m */ = {isa = PBXFileReference; lastKnownFileType = sourcecode.c.objc; path = SceneDelegate.m; sourceTree = "<group>"; };
		3A8F689A23584B3B00AF6F32 /* ViewController.h */ = {isa = PBXFileReference; lastKnownFileType = sourcecode.c.h; path = ViewController.h; sourceTree = "<group>"; };
		3A8F689B23584B3B00AF6F32 /* ViewController.m */ = {isa = PBXFileReference; lastKnownFileType = sourcecode.c.objc; path = ViewController.m; sourceTree = "<group>"; };
		3A8F689E23584B3B00AF6F32 /* Base */ = {isa = PBXFileReference; lastKnownFileType = file.storyboard; name = Base; path = Base.lproj/Main.storyboard; sourceTree = "<group>"; };
		3A8F68A023584B3D00AF6F32 /* Assets.xcassets */ = {isa = PBXFileReference; lastKnownFileType = folder.assetcatalog; path = Assets.xcassets; sourceTree = "<group>"; };
		3A8F68A323584B3D00AF6F32 /* Base */ = {isa = PBXFileReference; lastKnownFileType = file.storyboard; name = Base; path = Base.lproj/LaunchScreen.storyboard; sourceTree = "<group>"; };
		3A8F68A523584B3D00AF6F32 /* Info.plist */ = {isa = PBXFileReference; lastKnownFileType = text.plist.xml; path = Info.plist; sourceTree = "<group>"; };
		3A8F68A623584B3D00AF6F32 /* main.m */ = {isa = PBXFileReference; lastKnownFileType = sourcecode.c.objc; path = main.m; sourceTree = "<group>"; };
		3A8F68AD23584B6300AF6F32 /* 钥匙串共享demo.entitlements */ = {isa = PBXFileReference; lastKnownFileType = text.plist.entitlements; path = "钥匙串共享demo.entitlements"; sourceTree = "<group>"; };
		3A8F68AE23584B9700AF6F32 /* QiKeychainItem.h */ = {isa = PBXFileReference; fileEncoding = 4; lastKnownFileType = sourcecode.c.h; path = QiKeychainItem.h; sourceTree = "<group>"; };
		3A8F68AF23584B9700AF6F32 /* QiKeychainItem.m */ = {isa = PBXFileReference; fileEncoding = 4; lastKnownFileType = sourcecode.c.objc; path = QiKeychainItem.m; sourceTree = "<group>"; };
/* End PBXFileReference section */

/* Begin PBXFrameworksBuildPhase section */
		3A8F688E23584B3B00AF6F32 /* Frameworks */ = {
			isa = PBXFrameworksBuildPhase;
			buildActionMask = 2147483647;
			files = (
			);
			runOnlyForDeploymentPostprocessing = 0;
		};
/* End PBXFrameworksBuildPhase section */

/* Begin PBXGroup section */
		3A8F688823584B3B00AF6F32 = {
			isa = PBXGroup;
			children = (
				3A8F689323584B3B00AF6F32 /* 钥匙串共享demo */,
				3A8F689223584B3B00AF6F32 /* Products */,
			);
			sourceTree = "<group>";
		};
		3A8F689223584B3B00AF6F32 /* Products */ = {
			isa = PBXGroup;
			children = (
				3A8F689123584B3B00AF6F32 /* 钥匙串共享demo.app */,
			);
			name = Products;
			sourceTree = "<group>";
		};
		3A8F689323584B3B00AF6F32 /* 钥匙串共享demo */ = {
			isa = PBXGroup;
			children = (
				3A8F68AD23584B6300AF6F32 /* 钥匙串共享demo.entitlements */,
				3A8F68AE23584B9700AF6F32 /* QiKeychainItem.h */,
				3A8F68AF23584B9700AF6F32 /* QiKeychainItem.m */,
				3A8F689423584B3B00AF6F32 /* AppDelegate.h */,
				3A8F689523584B3B00AF6F32 /* AppDelegate.m */,
				3A8F689723584B3B00AF6F32 /* SceneDelegate.h */,
				3A8F689823584B3B00AF6F32 /* SceneDelegate.m */,
				3A8F689A23584B3B00AF6F32 /* ViewController.h */,
				3A8F689B23584B3B00AF6F32 /* ViewController.m */,
				3A8F689D23584B3B00AF6F32 /* Main.storyboard */,
				3A8F68A023584B3D00AF6F32 /* Assets.xcassets */,
				3A8F68A223584B3D00AF6F32 /* LaunchScreen.storyboard */,
				3A8F68A523584B3D00AF6F32 /* Info.plist */,
				3A8F68A623584B3D00AF6F32 /* main.m */,
			);
			path = "钥匙串共享demo";
			sourceTree = "<group>";
		};
/* End PBXGroup section */

/* Begin PBXNativeTarget section */
		3A8F689023584B3B00AF6F32 /* 钥匙串共享demo */ = {
			isa = PBXNativeTarget;
			buildConfigurationList = 3A8F68AA23584B3D00AF6F32 /* Build configuration list for PBXNativeTarget "钥匙串共享demo" */;
			buildPhases = (
				3A8F688D23584B3B00AF6F32 /* Sources */,
				3A8F688E23584B3B00AF6F32 /* Frameworks */,
				3A8F688F23584B3B00AF6F32 /* Resources */,
			);
			buildRules = (
			);
			dependencies = (
			);
			name = "钥匙串共享demo";
			productName = "钥匙串共享demo";
			productReference = 3A8F689123584B3B00AF6F32 /* 钥匙串共享demo.app */;
			productType = "com.apple.product-type.application";
		};
/* End PBXNativeTarget section */

/* Begin PBXProject section */
		3A8F688923584B3B00AF6F32 /* Project object */ = {
			isa = PBXProject;
			attributes = {
				LastUpgradeCheck = 1110;
				ORGANIZATIONNAME = ZZ;
				TargetAttributes = {
					3A8F689023584B3B00AF6F32 = {
						CreatedOnToolsVersion = 11.1;
					};
				};
			};
			buildConfigurationList = 3A8F688C23584B3B00AF6F32 /* Build configuration list for PBXProject "钥匙串共享demo" */;
			compatibilityVersion = "Xcode 9.3";
			developmentRegion = en;
			hasScannedForEncodings = 0;
			knownRegions = (
				en,
				Base,
			);
			mainGroup = 3A8F688823584B3B00AF6F32;
			productRefGroup = 3A8F689223584B3B00AF6F32 /* Products */;
			projectDirPath = "";
			projectRoot = "";
			targets = (
				3A8F689023584B3B00AF6F32 /* 钥匙串共享demo */,
			);
		};
/* End PBXProject section */

/* Begin PBXResourcesBuildPhase section */
		3A8F688F23584B3B00AF6F32 /* Resources */ = {
			isa = PBXResourcesBuildPhase;
			buildActionMask = 2147483647;
			files = (
				3A8F68A423584B3D00AF6F32 /* LaunchScreen.storyboard in Resources */,
				3A8F68A123584B3D00AF6F32 /* Assets.xcassets in Resources */,
				3A8F689F23584B3B00AF6F32 /* Main.storyboard in Resources */,
			);
			runOnlyForDeploymentPostprocessing = 0;
		};
/* End PBXResourcesBuildPhase section */

/* Begin PBXSourcesBuildPhase section */
		3A8F688D23584B3B00AF6F32 /* Sources */ = {
			isa = PBXSourcesBuildPhase;
			buildActionMask = 2147483647;
			files = (
				3A8F689C23584B3B00AF6F32 /* ViewController.m in Sources */,
				3A8F689623584B3B00AF6F32 /* AppDelegate.m in Sources */,
				3A8F68B023584B9700AF6F32 /* QiKeychainItem.m in Sources */,
				3A8F68A723584B3D00AF6F32 /* main.m in Sources */,
				3A8F689923584B3B00AF6F32 /* SceneDelegate.m in Sources */,
			);
			runOnlyForDeploymentPostprocessing = 0;
		};
/* End PBXSourcesBuildPhase section */

/* Begin PBXVariantGroup section */
		3A8F689D23584B3B00AF6F32 /* Main.storyboard */ = {
			isa = PBXVariantGroup;
			children = (
				3A8F689E23584B3B00AF6F32 /* Base */,
			);
			name = Main.storyboard;
			sourceTree = "<group>";
		};
		3A8F68A223584B3D00AF6F32 /* LaunchScreen.storyboard */ = {
			isa = PBXVariantGroup;
			children = (
				3A8F68A323584B3D00AF6F32 /* Base */,
			);
			name = LaunchScreen.storyboard;
			sourceTree = "<group>";
		};
/* End PBXVariantGroup section */

/* Begin XCBuildConfiguration section */
		3A8F68A823584B3D00AF6F32 /* Debug */ = {
			isa = XCBuildConfiguration;
			buildSettings = {
				ALWAYS_SEARCH_USER_PATHS = NO;
				CLANG_ANALYZER_NONNULL = YES;
				CLANG_ANALYZER_NUMBER_OBJECT_CONVERSION = YES_AGGRESSIVE;
				CLANG_CXX_LANGUAGE_STANDARD = "gnu++14";
				CLANG_CXX_LIBRARY = "libc++";
				CLANG_ENABLE_MODULES = YES;
				CLANG_ENABLE_OBJC_ARC = YES;
				CLANG_ENABLE_OBJC_WEAK = YES;
				CLANG_WARN_BLOCK_CAPTURE_AUTORELEASING = YES;
				CLANG_WARN_BOOL_CONVERSION = YES;
				CLANG_WARN_COMMA = YES;
				CLANG_WARN_CONSTANT_CONVERSION = YES;
				CLANG_WARN_DEPRECATED_OBJC_IMPLEMENTATIONS = YES;
				CLANG_WARN_DIRECT_OBJC_ISA_USAGE = YES_ERROR;
				CLANG_WARN_DOCUMENTATION_COMMENTS = YES;
				CLANG_WARN_EMPTY_BODY = YES;
				CLANG_WARN_ENUM_CONVERSION = YES;
				CLANG_WARN_INFINITE_RECURSION = YES;
				CLANG_WARN_INT_CONVERSION = YES;
				CLANG_WARN_NON_LITERAL_NULL_CONVERSION = YES;
				CLANG_WARN_OBJC_IMPLICIT_RETAIN_SELF = YES;
				CLANG_WARN_OBJC_LITERAL_CONVERSION = YES;
				CLANG_WARN_OBJC_ROOT_CLASS = YES_ERROR;
				CLANG_WARN_RANGE_LOOP_ANALYSIS = YES;
				CLANG_WARN_STRICT_PROTOTYPES = YES;
				CLANG_WARN_SUSPICIOUS_MOVE = YES;
				CLANG_WARN_UNGUARDED_AVAILABILITY = YES_AGGRESSIVE;
				CLANG_WARN_UNREACHABLE_CODE = YES;
				CLANG_WARN__DUPLICATE_METHOD_MATCH = YES;
				COPY_PHASE_STRIP = NO;
				DEBUG_INFORMATION_FORMAT = dwarf;
				ENABLE_STRICT_OBJC_MSGSEND = YES;
				ENABLE_TESTABILITY = YES;
				GCC_C_LANGUAGE_STANDARD = gnu11;
				GCC_DYNAMIC_NO_PIC = NO;
				GCC_NO_COMMON_BLOCKS = YES;
				GCC_OPTIMIZATION_LEVEL = 0;
				GCC_PREPROCESSOR_DEFINITIONS = (
					"DEBUG=1",
					"$(inherited)",
				);
				GCC_WARN_64_TO_32_BIT_CONVERSION = YES;
				GCC_WARN_ABOUT_RETURN_TYPE = YES_ERROR;
				GCC_WARN_UNDECLARED_SELECTOR = YES;
				GCC_WARN_UNINITIALIZED_AUTOS = YES_AGGRESSIVE;
				GCC_WARN_UNUSED_FUNCTION = YES;
				GCC_WARN_UNUSED_VARIABLE = YES;
				IPHONEOS_DEPLOYMENT_TARGET = 13.1;
				MTL_ENABLE_DEBUG_INFO = INCLUDE_SOURCE;
				MTL_FAST_MATH = YES;
				ONLY_ACTIVE_ARCH = YES;
				SDKROOT = iphoneos;
			};
			name = Debug;
		};
		3A8F68A923584B3D00AF6F32 /* Release */ = {
			isa = XCBuildConfiguration;
			buildSettings = {
				ALWAYS_SEARCH_USER_PATHS = NO;
				CLANG_ANALYZER_NONNULL = YES;
				CLANG_ANALYZER_NUMBER_OBJECT_CONVERSION = YES_AGGRESSIVE;
				CLANG_CXX_LANGUAGE_STANDARD = "gnu++14";
				CLANG_CXX_LIBRARY = "libc++";
				CLANG_ENABLE_MODULES = YES;
				CLANG_ENABLE_OBJC_ARC = YES;
				CLANG_ENABLE_OBJC_WEAK = YES;
				CLANG_WARN_BLOCK_CAPTURE_AUTORELEASING = YES;
				CLANG_WARN_BOOL_CONVERSION = YES;
				CLANG_WARN_COMMA = YES;
				CLANG_WARN_CONSTANT_CONVERSION = YES;
				CLANG_WARN_DEPRECATED_OBJC_IMPLEMENTATIONS = YES;
				CLANG_WARN_DIRECT_OBJC_ISA_USAGE = YES_ERROR;
				CLANG_WARN_DOCUMENTATION_COMMENTS = YES;
				CLANG_WARN_EMPTY_BODY = YES;
				CLANG_WARN_ENUM_CONVERSION = YES;
				CLANG_WARN_INFINITE_RECURSION = YES;
				CLANG_WARN_INT_CONVERSION = YES;
				CLANG_WARN_NON_LITERAL_NULL_CONVERSION = YES;
				CLANG_WARN_OBJC_IMPLICIT_RETAIN_SELF = YES;
				CLANG_WARN_OBJC_LITERAL_CONVERSION = YES;
				CLANG_WARN_OBJC_ROOT_CLASS = YES_ERROR;
				CLANG_WARN_RANGE_LOOP_ANALYSIS = YES;
				CLANG_WARN_STRICT_PROTOTYPES = YES;
				CLANG_WARN_SUSPICIOUS_MOVE = YES;
				CLANG_WARN_UNGUARDED_AVAILABILITY = YES_AGGRESSIVE;
				CLANG_WARN_UNREACHABLE_CODE = YES;
				CLANG_WARN__DUPLICATE_METHOD_MATCH = YES;
				COPY_PHASE_STRIP = NO;
				DEBUG_INFORMATION_FORMAT = "dwarf-with-dsym";
				ENABLE_NS_ASSERTIONS = NO;
				ENABLE_STRICT_OBJC_MSGSEND = YES;
				GCC_C_LANGUAGE_STANDARD = gnu11;
				GCC_NO_COMMON_BLOCKS = YES;
				GCC_WARN_64_TO_32_BIT_CONVERSION = YES;
				GCC_WARN_ABOUT_RETURN_TYPE = YES_ERROR;
				GCC_WARN_UNDECLARED_SELECTOR = YES;
				GCC_WARN_UNINITIALIZED_AUTOS = YES_AGGRESSIVE;
				GCC_WARN_UNUSED_FUNCTION = YES;
				GCC_WARN_UNUSED_VARIABLE = YES;
				IPHONEOS_DEPLOYMENT_TARGET = 13.1;
				MTL_ENABLE_DEBUG_INFO = NO;
				MTL_FAST_MATH = YES;
				SDKROOT = iphoneos;
				VALIDATE_PRODUCT = YES;
			};
			name = Release;
		};
		3A8F68AB23584B3D00AF6F32 /* Debug */ = {
			isa = XCBuildConfiguration;
			buildSettings = {
				ASSETCATALOG_COMPILER_APPICON_NAME = AppIcon;
				CODE_SIGN_ENTITLEMENTS = "钥匙串共享demo/钥匙串共享demo.entitlements";
				CODE_SIGN_IDENTITY = "Apple Development";
				CODE_SIGN_STYLE = Automatic;
				DEVELOPMENT_TEAM = 474AC9HX97;
				INFOPLIST_FILE = "钥匙串共享demo/Info.plist";
				LD_RUNPATH_SEARCH_PATHS = (
					"$(inherited)",
					"@executable_path/Frameworks",
				);
				PRODUCT_BUNDLE_IDENTIFIER = com.np2.LoginAD;
				PRODUCT_NAME = "$(TARGET_NAME)";
				PROVISIONING_PROFILE_SPECIFIER = "";
				TARGETED_DEVICE_FAMILY = "1,2";
			};
			name = Debug;
		};
		3A8F68AC23584B3D00AF6F32 /* Release */ = {
			isa = XCBuildConfiguration;
			buildSettings = {
				ASSETCATALOG_COMPILER_APPICON_NAME = AppIcon;
				CODE_SIGN_ENTITLEMENTS = "钥匙串共享demo/钥匙串共享demo.entitlements";
				CODE_SIGN_IDENTITY = "Apple Development";
				CODE_SIGN_STYLE = Automatic;
				DEVELOPMENT_TEAM = 474AC9HX97;
				INFOPLIST_FILE = "钥匙串共享demo/Info.plist";
				LD_RUNPATH_SEARCH_PATHS = (
					"$(inherited)",
					"@executable_path/Frameworks",
				);
				PRODUCT_BUNDLE_IDENTIFIER = com.np2.LoginAD;
				PRODUCT_NAME = "$(TARGET_NAME)";
				PROVISIONING_PROFILE_SPECIFIER = "";
				TARGETED_DEVICE_FAMILY = "1,2";
			};
			name = Release;
		};
/* End XCBuildConfiguration section */

/* Begin XCConfigurationList section */
		3A8F688C23584B3B00AF6F32 /* Build configuration list for PBXProject "钥匙串共享demo" */ = {
			isa = XCConfigurationList;
			buildConfigurations = (
				3A8F68A823584B3D00AF6F32 /* Debug */,
				3A8F68A923584B3D00AF6F32 /* Release */,
			);
			defaultConfigurationIsVisible = 0;
			defaultConfigurationName = Release;
		};
		3A8F68AA23584B3D00AF6F32 /* Build configuration list for PBXNativeTarget "钥匙串共享demo" */ = {
			isa = XCConfigurationList;
			buildConfigurations = (
				3A8F68AB23584B3D00AF6F32 /* Debug */,
				3A8F68AC23584B3D00AF6F32 /* Release */,
			);
			defaultConfigurationIsVisible = 0;
			defaultConfigurationName = Release;
		};
/* End XCConfigurationList section */
	};
	rootObject = 3A8F688923584B3B00AF6F32 /* Project object */;
}
